
Microsoft Visual Studio Solution File, Format Version 12.00
# Visual Studio Version 17
VisualStudioVersion = 17.2.32516.85
MinimumVisualStudioVersion = 10.0.40219.1
Project("{FAE04EC0-301F-11D3-BF4B-00C04F79EFBC}") = "LinkGetter", "LinkGetter\LinkGetter.csproj", "{9AFE0844-6951-4218-B3D4-CE3CBC62B98F}"
EndProject
Global
	GlobalSection(SolutionConfigurationPlatforms) = preSolution
		Debug|Any CPU = Debug|Any CPU
		Release|Any CPU = Release|Any CPU
	EndGlobalSection
	GlobalSection(ProjectConfigurationPlatforms) = postSolution
		{9AFE0844-6951-4218-B3D4-CE3CBC62B98F}.Debug|Any CPU.ActiveCfg = Debug|Any CPU
		{9AFE0844-6951-4218-B3D4-CE3CBC62B98F}.Debug|Any CPU.Build.0 = Debug|Any CPU
		{9AFE0844-6951-4218-B3D4-CE3CBC62B98F}.Release|Any CPU.ActiveCfg = Release|Any CPU
		{9AFE0844-6951-4218-B3D4-CE3CBC62B98F}.Release|Any CPU.Build.0 = Release|Any CPU
	EndGlobalSection
	GlobalSection(SolutionProperties) = preSolution
		HideSolutionNode = FALSE
	EndGlobalSection
	GlobalSection(ExtensibilityGlobals) = postSolution
		SolutionGuid = {7C94A48D-0234-4098-BC87-51416D45E3F8}
	EndGlobalSection
EndGlobal
